
Microsoft Visual Studio Solution File, Format Version 12.00
# Visual Studio Version 17
VisualStudioVersion = 17.5.002.0
MinimumVisualStudioVersion = 10.0.40219.1
Project("{9A19103F-16F7-4668-BE54-9A1E7A4F7556}") = "MyProject", "MyProject\MyProject.csproj", "{67FB6D3D-6B76-4DD2-BC05-F5FE88404C13}"
EndProject
Project("{2150E333-8FDC-42A3-9474-1A3956D46DE8}") = "Lab1Hw", "Lab1Hw", "{5EB58344-9908-473D-8DCC-0BA95728F20C}"
EndProject
Project("{9A19103F-16F7-4668-BE54-9A1E7A4F7556}") = "Q6", "Lab1Hw\Q6\Q6.csproj", "{D8CF8E06-C744-48A1-9B5B-CDE4925A6B2E}"
EndProject
Project("{9A19103F-16F7-4668-BE54-9A1E7A4F7556}") = "Q1", "Lab1Hw\Q1\Q1.csproj", "{12AD3E3A-C48E-4B7E-B567-C17846A70CC3}"
EndProject
Project("{9A19103F-16F7-4668-BE54-9A1E7A4F7556}") = "Q2", "Lab1Hw\Q2\Q2.csproj", "{F2982680-E068-42CB-B033-56A9AD5211F7}"
EndProject
Project("{9A19103F-16F7-4668-BE54-9A1E7A4F7556}") = "Q5", "Lab1Hw\Q5\Q5.csproj", "{021A8357-D3E0-499E-AA93-BC0357BD39F3}"
EndProject
Project("{9A19103F-16F7-4668-BE54-9A1E7A4F7556}") = "Q4", "Lab1Hw\Q4\Q4.csproj", "{372A19FD-40FD-4A2C-B6E9-C88FFD346BD1}"
EndProject
Project("{9A19103F-16F7-4668-BE54-9A1E7A4F7556}") = "Q3", "Lab1Hw\Q3\Q3.csproj", "{7F4E8528-247B-4E0C-88C5-3AF463AE4DC0}"
EndProject
Global
	GlobalSection(SolutionConfigurationPlatforms) = preSolution
		Debug|Any CPU = Debug|Any CPU
		Release|Any CPU = Release|Any CPU
	EndGlobalSection
	GlobalSection(ProjectConfigurationPlatforms) = postSolution
		{67FB6D3D-6B76-4DD2-BC05-F5FE88404C13}.Debug|Any CPU.ActiveCfg = Debug|Any CPU
		{67FB6D3D-6B76-4DD2-BC05-F5FE88404C13}.Debug|Any CPU.Build.0 = Debug|Any CPU
		{67FB6D3D-6B76-4DD2-BC05-F5FE88404C13}.Release|Any CPU.ActiveCfg = Release|Any CPU
		{67FB6D3D-6B76-4DD2-BC05-F5FE88404C13}.Release|Any CPU.Build.0 = Release|Any CPU
		{D8CF8E06-C744-48A1-9B5B-CDE4925A6B2E}.Debug|Any CPU.ActiveCfg = Debug|Any CPU
		{D8CF8E06-C744-48A1-9B5B-CDE4925A6B2E}.Debug|Any CPU.Build.0 = Debug|Any CPU
		{D8CF8E06-C744-48A1-9B5B-CDE4925A6B2E}.Release|Any CPU.ActiveCfg = Release|Any CPU
		{D8CF8E06-C744-48A1-9B5B-CDE4925A6B2E}.Release|Any CPU.Build.0 = Release|Any CPU
		{12AD3E3A-C48E-4B7E-B567-C17846A70CC3}.Debug|Any CPU.ActiveCfg = Debug|Any CPU
		{12AD3E3A-C48E-4B7E-B567-C17846A70CC3}.Debug|Any CPU.Build.0 = Debug|Any CPU
		{12AD3E3A-C48E-4B7E-B567-C17846A70CC3}.Release|Any CPU.ActiveCfg = Release|Any CPU
		{12AD3E3A-C48E-4B7E-B567-C17846A70CC3}.Release|Any CPU.Build.0 = Release|Any CPU
		{F2982680-E068-42CB-B033-56A9AD5211F7}.Debug|Any CPU.ActiveCfg = Debug|Any CPU
		{F2982680-E068-42CB-B033-56A9AD5211F7}.Debug|Any CPU.Build.0 = Debug|Any CPU
		{F2982680-E068-42CB-B033-56A9AD5211F7}.Release|Any CPU.ActiveCfg = Release|Any CPU
		{F2982680-E068-42CB-B033-56A9AD5211F7}.Release|Any CPU.Build.0 = Release|Any CPU
		{021A8357-D3E0-499E-AA93-BC0357BD39F3}.Debug|Any CPU.ActiveCfg = Debug|Any CPU
		{021A8357-D3E0-499E-AA93-BC0357BD39F3}.Debug|Any CPU.Build.0 = Debug|Any CPU
		{021A8357-D3E0-499E-AA93-BC0357BD39F3}.Release|Any CPU.ActiveCfg = Release|Any CPU
		{021A8357-D3E0-499E-AA93-BC0357BD39F3}.Release|Any CPU.Build.0 = Release|Any CPU
		{372A19FD-40FD-4A2C-B6E9-C88FFD346BD1}.Debug|Any CPU.ActiveCfg = Debug|Any CPU
		{372A19FD-40FD-4A2C-B6E9-C88FFD346BD1}.Debug|Any CPU.Build.0 = Debug|Any CPU
		{372A19FD-40FD-4A2C-B6E9-C88FFD346BD1}.Release|Any CPU.ActiveCfg = Release|Any CPU
		{372A19FD-40FD-4A2C-B6E9-C88FFD346BD1}.Release|Any CPU.Build.0 = Release|Any CPU
		{7F4E8528-247B-4E0C-88C5-3AF463AE4DC0}.Debug|Any CPU.ActiveCfg = Debug|Any CPU
		{7F4E8528-247B-4E0C-88C5-3AF463AE4DC0}.Debug|Any CPU.Build.0 = Debug|Any CPU
		{7F4E8528-247B-4E0C-88C5-3AF463AE4DC0}.Release|Any CPU.ActiveCfg = Release|Any CPU
		{7F4E8528-247B-4E0C-88C5-3AF463AE4DC0}.Release|Any CPU.Build.0 = Release|Any CPU
	EndGlobalSection
	GlobalSection(SolutionProperties) = preSolution
		HideSolutionNode = FALSE
	EndGlobalSection
	GlobalSection(NestedProjects) = preSolution
		{D8CF8E06-C744-48A1-9B5B-CDE4925A6B2E} = {5EB58344-9908-473D-8DCC-0BA95728F20C}
		{12AD3E3A-C48E-4B7E-B567-C17846A70CC3} = {5EB58344-9908-473D-8DCC-0BA95728F20C}
		{F2982680-E068-42CB-B033-56A9AD5211F7} = {5EB58344-9908-473D-8DCC-0BA95728F20C}
		{021A8357-D3E0-499E-AA93-BC0357BD39F3} = {5EB58344-9908-473D-8DCC-0BA95728F20C}
		{372A19FD-40FD-4A2C-B6E9-C88FFD346BD1} = {5EB58344-9908-473D-8DCC-0BA95728F20C}
		{7F4E8528-247B-4E0C-88C5-3AF463AE4DC0} = {5EB58344-9908-473D-8DCC-0BA95728F20C}
	EndGlobalSection
	GlobalSection(ExtensibilityGlobals) = postSolution
		SolutionGuid = {B774E3D3-5D3E-4B4A-8CE0-55431F4B398C}
	EndGlobalSection
EndGlobal
